Microsoft Visual Studio Solution File, Format Version 12.00
# Visual Studio Version 17
VisualStudioVersion = 17.5.2.0
MinimumVisualStudioVersion = 10.0.40219.1
Project("{2150E333-8FDC-42A3-9474-1A3956D46DE8}") = "backend", "backend", "{1AE8ACA6-933B-BF2A-3671-3E2EAC007D16}"
EndProject
Project("{FAE04EC0-301F-11D3-BF4B-00C04F79EFBC}") = "EcommerceAiRecommendation.Api", "backend\EcommerceAiRecommendation.Api.csproj", "{1F456142-1B16-63F3-5617-2A73BA76A0DC}"
EndProject
Global
	GlobalSection(SolutionConfigurationPlatforms) = preSolution
		Debug|Any CPU = Debug|Any CPU
		Release|Any CPU = Release|Any CPU
	EndGlobalSection
	GlobalSection(ProjectConfigurationPlatforms) = postSolution
		{1F456142-1B16-63F3-5617-2A73BA76A0DC}.Debug|Any CPU.ActiveCfg = Debug|Any CPU
		{1F456142-1B16-63F3-5617-2A73BA76A0DC}.Debug|Any CPU.Build.0 = Debug|Any CPU
		{1F456142-1B16-63F3-5617-2A73BA76A0DC}.Release|Any CPU.ActiveCfg = Release|Any CPU
		{1F456142-1B16-63F3-5617-2A73BA76A0DC}.Release|Any CPU.Build.0 = Release|Any CPU
	EndGlobalSection
	GlobalSection(SolutionProperties) = preSolution
		HideSolutionNode = FALSE
	EndGlobalSection
	GlobalSection(NestedProjects) = preSolution
		{1F456142-1B16-63F3-5617-2A73BA76A0DC} = {1AE8ACA6-933B-BF2A-3671-3E2EAC007D16}
	EndGlobalSection
	GlobalSection(ExtensibilityGlobals) = postSolution
		SolutionGuid = {EE39612B-375D-4DBB-8226-771BD62A7369}
	EndGlobalSection
EndGlobal
